
Microsoft Visual Studio Solution File, Format Version 12.00
# Visual Studio Version 16
VisualStudioVersion = 16.0.33927.289
MinimumVisualStudioVersion = 10.0.40219.1
Project("{2150E333-8FDC-42A3-9474-1A3956D46DE8}") = "Task0", "Task0", "{4A475384-F8EF-4ADC-82EE-8C5BA2267207}"
EndProject
Project("{FAE04EC0-301F-11D3-BF4B-00C04F79EFBC}") = "Tyuiu.KalimullinaAH.Sprint4.Task0.V21", "Tyuiu.KalimullinaAH.Sprint4.Task0.V21\Tyuiu.KalimullinaAH.Sprint4.Task0.V21.csproj", "{AFB8121D-1C15-4EF3-83F1-A6EA53920C9D}"
EndProject
Project("{FAE04EC0-301F-11D3-BF4B-00C04F79EFBC}") = "Tyuiu.KalimullinaAH.Sprint4.Task0.V21.Lib", "Tyuiu.KalimullinaAH.Sprint4.Task0.V21.Lib\Tyuiu.KalimullinaAH.Sprint4.Task0.V21.Lib.csproj", "{03DFAC6E-7A75-4AB9-9163-BDF0A9548D6B}"
EndProject
Project("{FAE04EC0-301F-11D3-BF4B-00C04F79EFBC}") = "Tyuiu.KalimullinaAH.Sprint4.Task0.V21.Test", "Tyuiu.KalimullinaAH.Sprint4.Task0.V21.Test\Tyuiu.KalimullinaAH.Sprint4.Task0.V21.Test.csproj", "{6C2FD191-5644-4E82-8400-42668BDB3526}"
EndProject
Project("{2150E333-8FDC-42A3-9474-1A3956D46DE8}") = "Task1", "Task1", "{13C4332F-4B21-442F-9C8C-9C6957D26578}"
EndProject
Project("{FAE04EC0-301F-11D3-BF4B-00C04F79EFBC}") = "Tyuiu.KalimullinaAH.Sprint4.Task1.V9", "Tyuiu.KalimullinaAH.Sprint4.Task1.V9\Tyuiu.KalimullinaAH.Sprint4.Task1.V9.csproj", "{12899517-B8B6-4E51-9C46-02F42251E2D5}"
EndProject
Project("{FAE04EC0-301F-11D3-BF4B-00C04F79EFBC}") = "Tyuiu.KalimullinaAH.Sprint4.Task1.V9.Lib", "Tyuiu.KalimullinaAH.Sprint4.Task1.V9.Lib\Tyuiu.KalimullinaAH.Sprint4.Task1.V9.Lib.csproj", "{957E9B0D-C468-40F0-A2EE-22150F575DD9}"
EndProject
Project("{FAE04EC0-301F-11D3-BF4B-00C04F79EFBC}") = "Tyuiu.KalimullinaAH.Sprint4.Task1.V9.Test", "Tyuiu.KalimullinaAH.Sprint4.Task1.V9.Test\Tyuiu.KalimullinaAH.Sprint4.Task1.V9.Test.csproj", "{8C9AD09D-F98D-4BA8-A26E-9FC2D31AFD9A}"
EndProject
Project("{2150E333-8FDC-42A3-9474-1A3956D46DE8}") = "Task2", "Task2", "{37F6767C-CEFB-45FC-B68A-BE781FF5721A}"
EndProject
Project("{FAE04EC0-301F-11D3-BF4B-00C04F79EFBC}") = "Tyuiu.KalimullinaAH.Sprint4.Task2.V14", "Tyuiu.KalimullinaAH.Sprint4.Task2.V14\Tyuiu.KalimullinaAH.Sprint4.Task2.V14.csproj", "{0E73F77C-FB6F-4250-9748-531C9E24F6FE}"
EndProject
Project("{FAE04EC0-301F-11D3-BF4B-00C04F79EFBC}") = "Tyuiu.KalimullinaAH.Sprint4.Task2.V14.Test", "Tyuiu.KalimullinaAH.Sprint4.Task2.V14.Test\Tyuiu.KalimullinaAH.Sprint4.Task2.V14.Test.csproj", "{6C4D2A8F-4174-4570-805F-9391AE574975}"
EndProject
Project("{FAE04EC0-301F-11D3-BF4B-00C04F79EFBC}") = "Tyuiu.KalimullinaAH.Sprint4.Task2.V14.Lib", "Tyuiu.KalimullinaAH.Sprint4.Task2.V14.Lib\Tyuiu.KalimullinaAH.Sprint4.Task2.V14.Lib.csproj", "{238C0465-F592-4846-874E-AB07C423F8BA}"
EndProject
Project("{2150E333-8FDC-42A3-9474-1A3956D46DE8}") = "Task3", "Task3", "{F79D2360-71F8-42EC-A1D6-01CC3CC319A9}"
EndProject
Project("{FAE04EC0-301F-11D3-BF4B-00C04F79EFBC}") = "Tyuiu.KalimullinaAH.Sprint4.Task3.V11", "Tyuiu.KalimullinaAH.Sprint4.Task3.V11\Tyuiu.KalimullinaAH.Sprint4.Task3.V11.csproj", "{8596EBFA-6807-4CC4-ADC8-46FC05A6DEF7}"
EndProject
Project("{FAE04EC0-301F-11D3-BF4B-00C04F79EFBC}") = "Tyuiu.KalimullinaAH.Sprint4.Task3.V11.Lib", "Tyuiu.KalimullinaAH.Sprint4.Task3.V11.Lib\Tyuiu.KalimullinaAH.Sprint4.Task3.V11.Lib.csproj", "{11F1CB59-9333-41EA-A122-B8CB26DCA9E5}"
EndProject
Project("{FAE04EC0-301F-11D3-BF4B-00C04F79EFBC}") = "Tyuiu.KalimullinaAH.Sprint4.Task3.V11.Test", "Tyuiu.KalimullinaAH.Sprint4.Task3.V11.Test\Tyuiu.KalimullinaAH.Sprint4.Task3.V11.Test.csproj", "{3A897A2B-B896-4417-A8ED-7F9F0BA4D9C6}"
EndProject
Project("{2150E333-8FDC-42A3-9474-1A3956D46DE8}") = "Task4", "Task4", "{E550F0A2-C5BC-4C91-A7EB-4B5EF3B0C54B}"
EndProject
Project("{FAE04EC0-301F-11D3-BF4B-00C04F79EFBC}") = "Tyuiu.KalimullinaAH.Sprint4.Task4.V16", "Tyuiu.KalimullinaAH.Sprint4.Task4.V16\Tyuiu.KalimullinaAH.Sprint4.Task4.V16.csproj", "{699BF6A3-D06F-49C1-8715-11D0E7B94866}"
EndProject
Project("{FAE04EC0-301F-11D3-BF4B-00C04F79EFBC}") = "Tyuiu.KalimullinaAH.Sprint4.Task4.V16.Test", "Tyuiu.KalimullinaAH.Sprint4.Task4.V16.Test\Tyuiu.KalimullinaAH.Sprint4.Task4.V16.Test.csproj", "{9586C979-CD89-435E-86A6-334849219A7D}"
EndProject
Project("{FAE04EC0-301F-11D3-BF4B-00C04F79EFBC}") = "Tyuiu.KalimullinaAH.Sprint4.Task4.V16.Lib", "Tyuiu.KalimullinaAH.Sprint4.Task4.V16.Lib\Tyuiu.KalimullinaAH.Sprint4.Task4.V16.Lib.csproj", "{7DD83E5C-1440-4F6A-89FC-38195D6FD938}"
EndProject
Project("{2150E333-8FDC-42A3-9474-1A3956D46DE8}") = "Task5", "Task5", "{3615787E-BD66-47B8-B410-180D8E5B5F74}"
EndProject
Project("{FAE04EC0-301F-11D3-BF4B-00C04F79EFBC}") = "Tyuiu.KalimullinaAH.Sprint4.Task5.V20", "Tyuiu.KalimullinaAH.Sprint4.Task5.V20\Tyuiu.KalimullinaAH.Sprint4.Task5.V20.csproj", "{1360AF83-F968-4A33-AA44-9FAE106E532F}"
EndProject
Project("{FAE04EC0-301F-11D3-BF4B-00C04F79EFBC}") = "Tyuiu.KalimullinaAH.Sprint4.Task5.V20.Lib", "Tyuiu.KalimullinaAH.Sprint4.Task5.V20.Lib\Tyuiu.KalimullinaAH.Sprint4.Task5.V20.Lib.csproj", "{20C5AC41-5232-4BD6-AD4B-7938DC6B666D}"
EndProject
Project("{FAE04EC0-301F-11D3-BF4B-00C04F79EFBC}") = "Tyuiu.KalimullinaAH.Sprint4.Task5.V20.Test", "Tyuiu.KalimullinaAH.Sprint4.Task5.V20.Test\Tyuiu.KalimullinaAH.Sprint4.Task5.V20.Test.csproj", "{956F65CC-B2C9-4812-AD58-38E1579C5536}"
EndProject
Project("{2150E333-8FDC-42A3-9474-1A3956D46DE8}") = "Task6", "Task6", "{57148187-E99B-4DAF-9AD2-78E527DF79FF}"
EndProject
Project("{FAE04EC0-301F-11D3-BF4B-00C04F79EFBC}") = "Tyuiu.KalimullinaAH.Sprint4.Task6.V1", "Tyuiu.KalimullinaAH.Sprint4.Task6.V1\Tyuiu.KalimullinaAH.Sprint4.Task6.V1.csproj", "{86EDC8DE-3625-4217-88B0-3E47957FF21E}"
EndProject
Project("{FAE04EC0-301F-11D3-BF4B-00C04F79EFBC}") = "Tyuiu.KalimullinaAH.Sprint4.Task6.V1.Test", "Tyuiu.KalimullinaAH.Sprint4.Task6.V1.Test\Tyuiu.KalimullinaAH.Sprint4.Task6.V1.Test.csproj", "{69095B20-F319-4632-929C-4A3D283EC1B4}"
EndProject
Project("{FAE04EC0-301F-11D3-BF4B-00C04F79EFBC}") = "Tyuiu.KalimullinaAH.Sprint4.Task6.V1.Lib", "Tyuiu.KalimullinaAH.Sprint4.Task6.V1.Lib\Tyuiu.KalimullinaAH.Sprint4.Task6.V1.Lib.csproj", "{45AE014B-5E3B-4D96-9FA5-72D2BF377397}"
EndProject
Project("{2150E333-8FDC-42A3-9474-1A3956D46DE8}") = "Task7", "Task7", "{57BD7E5A-80F7-4D1D-8C50-4C952A1752D5}"
EndProject
Project("{FAE04EC0-301F-11D3-BF4B-00C04F79EFBC}") = "Tyuiu.KalimullinaAH.Sprint4.Task7.V18", "Tyuiu.KalimullinaAH.Sprint4.Task7.V18\Tyuiu.KalimullinaAH.Sprint4.Task7.V18.csproj", "{3BEB43D3-0A8A-460A-BC13-1E1ABCDBE270}"
EndProject
Project("{FAE04EC0-301F-11D3-BF4B-00C04F79EFBC}") = "Tyuiu.KalimullinaAH.Sprint4.Task7.V18.Lib", "Tyuiu.KalimullinaAH.Sprint4.Task7.V18.Lib\Tyuiu.KalimullinaAH.Sprint4.Task7.V18.Lib.csproj", "{92CEB530-B95C-420F-ADC4-B69C850FFC1A}"
EndProject
Project("{FAE04EC0-301F-11D3-BF4B-00C04F79EFBC}") = "Tyuiu.KalimullinaAH.Sprint4.Task7.V18.Test", "Tyuiu.KalimullinaAH.Sprint4.Task7.V18.Test\Tyuiu.KalimullinaAH.Sprint4.Task7.V18.Test.csproj", "{78CCD68A-BD38-4B5B-AFB4-30A6E5389488}"
EndProject
Global
	GlobalSection(SolutionConfigurationPlatforms) = preSolution
		Debug|Any CPU = Debug|Any CPU
		Release|Any CPU = Release|Any CPU
	EndGlobalSection
	GlobalSection(ProjectConfigurationPlatforms) = postSolution
		{AFB8121D-1C15-4EF3-83F1-A6EA53920C9D}.Debug|Any CPU.ActiveCfg = Debug|Any CPU
		{AFB8121D-1C15-4EF3-83F1-A6EA53920C9D}.Debug|Any CPU.Build.0 = Debug|Any CPU
		{AFB8121D-1C15-4EF3-83F1-A6EA53920C9D}.Release|Any CPU.ActiveCfg = Release|Any CPU
		{AFB8121D-1C15-4EF3-83F1-A6EA53920C9D}.Release|Any CPU.Build.0 = Release|Any CPU
		{03DFAC6E-7A75-4AB9-9163-BDF0A9548D6B}.Debug|Any CPU.ActiveCfg = Debug|Any CPU
		{03DFAC6E-7A75-4AB9-9163-BDF0A9548D6B}.Debug|Any CPU.Build.0 = Debug|Any CPU
		{03DFAC6E-7A75-4AB9-9163-BDF0A9548D6B}.Release|Any CPU.ActiveCfg = Release|Any CPU
		{03DFAC6E-7A75-4AB9-9163-BDF0A9548D6B}.Release|Any CPU.Build.0 = Release|Any CPU
		{6C2FD191-5644-4E82-8400-42668BDB3526}.Debug|Any CPU.ActiveCfg = Debug|Any CPU
		{6C2FD191-5644-4E82-8400-42668BDB3526}.Debug|Any CPU.Build.0 = Debug|Any CPU
		{6C2FD191-5644-4E82-8400-42668BDB3526}.Release|Any CPU.ActiveCfg = Release|Any CPU
		{6C2FD191-5644-4E82-8400-42668BDB3526}.Release|Any CPU.Build.0 = Release|Any CPU
		{12899517-B8B6-4E51-9C46-02F42251E2D5}.Debug|Any CPU.ActiveCfg = Debug|Any CPU
		{12899517-B8B6-4E51-9C46-02F42251E2D5}.Debug|Any CPU.Build.0 = Debug|Any CPU
		{12899517-B8B6-4E51-9C46-02F42251E2D5}.Release|Any CPU.ActiveCfg = Release|Any CPU
		{12899517-B8B6-4E51-9C46-02F42251E2D5}.Release|Any CPU.Build.0 = Release|Any CPU
		{957E9B0D-C468-40F0-A2EE-22150F575DD9}.Debug|Any CPU.ActiveCfg = Debug|Any CPU
		{957E9B0D-C468-40F0-A2EE-22150F575DD9}.Debug|Any CPU.Build.0 = Debug|Any CPU
		{957E9B0D-C468-40F0-A2EE-22150F575DD9}.Release|Any CPU.ActiveCfg = Release|Any CPU
		{957E9B0D-C468-40F0-A2EE-22150F575DD9}.Release|Any CPU.Build.0 = Release|Any CPU
		{8C9AD09D-F98D-4BA8-A26E-9FC2D31AFD9A}.Debug|Any CPU.ActiveCfg = Debug|Any CPU
		{8C9AD09D-F98D-4BA8-A26E-9FC2D31AFD9A}.Debug|Any CPU.Build.0 = Debug|Any CPU
		{8C9AD09D-F98D-4BA8-A26E-9FC2D31AFD9A}.Release|Any CPU.ActiveCfg = Release|Any CPU
		{8C9AD09D-F98D-4BA8-A26E-9FC2D31AFD9A}.Release|Any CPU.Build.0 = Release|Any CPU
		{0E73F77C-FB6F-4250-9748-531C9E24F6FE}.Debug|Any CPU.ActiveCfg = Debug|Any CPU
		{0E73F77C-FB6F-4250-9748-531C9E24F6FE}.Debug|Any CPU.Build.0 = Debug|Any CPU
		{0E73F77C-FB6F-4250-9748-531C9E24F6FE}.Release|Any CPU.ActiveCfg = Release|Any CPU
		{0E73F77C-FB6F-4250-9748-531C9E24F6FE}.Release|Any CPU.Build.0 = Release|Any CPU
		{6C4D2A8F-4174-4570-805F-9391AE574975}.Debug|Any CPU.ActiveCfg = Debug|Any CPU
		{6C4D2A8F-4174-4570-805F-9391AE574975}.Debug|Any CPU.Build.0 = Debug|Any CPU
		{6C4D2A8F-4174-4570-805F-9391AE574975}.Release|Any CPU.ActiveCfg = Release|Any CPU
		{6C4D2A8F-4174-4570-805F-9391AE574975}.Release|Any CPU.Build.0 = Release|Any CPU
		{238C0465-F592-4846-874E-AB07C423F8BA}.Debug|Any CPU.ActiveCfg = Debug|Any CPU
		{238C0465-F592-4846-874E-AB07C423F8BA}.Debug|Any CPU.Build.0 = Debug|Any CPU
		{238C0465-F592-4846-874E-AB07C423F8BA}.Release|Any CPU.ActiveCfg = Release|Any CPU
		{238C0465-F592-4846-874E-AB07C423F8BA}.Release|Any CPU.Build.0 = Release|Any CPU
		{8596EBFA-6807-4CC4-ADC8-46FC05A6DEF7}.Debug|Any CPU.ActiveCfg = Debug|Any CPU
		{8596EBFA-6807-4CC4-ADC8-46FC05A6DEF7}.Debug|Any CPU.Build.0 = Debug|Any CPU
		{8596EBFA-6807-4CC4-ADC8-46FC05A6DEF7}.Release|Any CPU.ActiveCfg = Release|Any CPU
		{8596EBFA-6807-4CC4-ADC8-46FC05A6DEF7}.Release|Any CPU.Build.0 = Release|Any CPU
		{11F1CB59-9333-41EA-A122-B8CB26DCA9E5}.Debug|Any CPU.ActiveCfg = Debug|Any CPU
		{11F1CB59-9333-41EA-A122-B8CB26DCA9E5}.Debug|Any CPU.Build.0 = Debug|Any CPU
		{11F1CB59-9333-41EA-A122-B8CB26DCA9E5}.Release|Any CPU.ActiveCfg = Release|Any CPU
		{11F1CB59-9333-41EA-A122-B8CB26DCA9E5}.Release|Any CPU.Build.0 = Release|Any CPU
		{3A897A2B-B896-4417-A8ED-7F9F0BA4D9C6}.Debug|Any CPU.ActiveCfg = Debug|Any CPU
		{3A897A2B-B896-4417-A8ED-7F9F0BA4D9C6}.Debug|Any CPU.Build.0 = Debug|Any CPU
		{3A897A2B-B896-4417-A8ED-7F9F0BA4D9C6}.Release|Any CPU.ActiveCfg = Release|Any CPU
		{3A897A2B-B896-4417-A8ED-7F9F0BA4D9C6}.Release|Any CPU.Build.0 = Release|Any CPU
		{699BF6A3-D06F-49C1-8715-11D0E7B94866}.Debug|Any CPU.ActiveCfg = Debug|Any CPU
		{699BF6A3-D06F-49C1-8715-11D0E7B94866}.Debug|Any CPU.Build.0 = Debug|Any CPU
		{699BF6A3-D06F-49C1-8715-11D0E7B94866}.Release|Any CPU.ActiveCfg = Release|Any CPU
		{699BF6A3-D06F-49C1-8715-11D0E7B94866}.Release|Any CPU.Build.0 = Release|Any CPU
		{9586C979-CD89-435E-86A6-334849219A7D}.Debug|Any CPU.ActiveCfg = Debug|Any CPU
		{9586C979-CD89-435E-86A6-334849219A7D}.Debug|Any CPU.Build.0 = Debug|Any CPU
		{9586C979-CD89-435E-86A6-334849219A7D}.Release|Any CPU.ActiveCfg = Release|Any CPU
		{9586C979-CD89-435E-86A6-334849219A7D}.Release|Any CPU.Build.0 = Release|Any CPU
		{7DD83E5C-1440-4F6A-89FC-38195D6FD938}.Debug|Any CPU.ActiveCfg = Debug|Any CPU
		{7DD83E5C-1440-4F6A-89FC-38195D6FD938}.Debug|Any CPU.Build.0 = Debug|Any CPU
		{7DD83E5C-1440-4F6A-89FC-38195D6FD938}.Release|Any CPU.ActiveCfg = Release|Any CPU
		{7DD83E5C-1440-4F6A-89FC-38195D6FD938}.Release|Any CPU.Build.0 = Release|Any CPU
		{1360AF83-F968-4A33-AA44-9FAE106E532F}.Debug|Any CPU.ActiveCfg = Debug|Any CPU
		{1360AF83-F968-4A33-AA44-9FAE106E532F}.Debug|Any CPU.Build.0 = Debug|Any CPU
		{1360AF83-F968-4A33-AA44-9FAE106E532F}.Release|Any CPU.ActiveCfg = Release|Any CPU
		{1360AF83-F968-4A33-AA44-9FAE106E532F}.Release|Any CPU.Build.0 = Release|Any CPU
		{20C5AC41-5232-4BD6-AD4B-7938DC6B666D}.Debug|Any CPU.ActiveCfg = Debug|Any CPU
		{20C5AC41-5232-4BD6-AD4B-7938DC6B666D}.Debug|Any CPU.Build.0 = Debug|Any CPU
		{20C5AC41-5232-4BD6-AD4B-7938DC6B666D}.Release|Any CPU.ActiveCfg = Release|Any CPU
		{20C5AC41-5232-4BD6-AD4B-7938DC6B666D}.Release|Any CPU.Build.0 = Release|Any CPU
		{956F65CC-B2C9-4812-AD58-38E1579C5536}.Debug|Any CPU.ActiveCfg = Debug|Any CPU
		{956F65CC-B2C9-4812-AD58-38E1579C5536}.Debug|Any CPU.Build.0 = Debug|Any CPU
		{956F65CC-B2C9-4812-AD58-38E1579C5536}.Release|Any CPU.ActiveCfg = Release|Any CPU
		{956F65CC-B2C9-4812-AD58-38E1579C5536}.Release|Any CPU.Build.0 = Release|Any CPU
		{86EDC8DE-3625-4217-88B0-3E47957FF21E}.Debug|Any CPU.ActiveCfg = Debug|Any CPU
		{86EDC8DE-3625-4217-88B0-3E47957FF21E}.Debug|Any CPU.Build.0 = Debug|Any CPU
		{86EDC8DE-3625-4217-88B0-3E47957FF21E}.Release|Any CPU.ActiveCfg = Release|Any CPU
		{86EDC8DE-3625-4217-88B0-3E47957FF21E}.Release|Any CPU.Build.0 = Release|Any CPU
		{69095B20-F319-4632-929C-4A3D283EC1B4}.Debug|Any CPU.ActiveCfg = Debug|Any CPU
		{69095B20-F319-4632-929C-4A3D283EC1B4}.Debug|Any CPU.Build.0 = Debug|Any CPU
		{69095B20-F319-4632-929C-4A3D283EC1B4}.Release|Any CPU.ActiveCfg = Release|Any CPU
		{69095B20-F319-4632-929C-4A3D283EC1B4}.Release|Any CPU.Build.0 = Release|Any CPU
		{45AE014B-5E3B-4D96-9FA5-72D2BF377397}.Debug|Any CPU.ActiveCfg = Debug|Any CPU
		{45AE014B-5E3B-4D96-9FA5-72D2BF377397}.Debug|Any CPU.Build.0 = Debug|Any CPU
		{45AE014B-5E3B-4D96-9FA5-72D2BF377397}.Release|Any CPU.ActiveCfg = Release|Any CPU
		{45AE014B-5E3B-4D96-9FA5-72D2BF377397}.Release|Any CPU.Build.0 = Release|Any CPU
		{3BEB43D3-0A8A-460A-BC13-1E1ABCDBE270}.Debug|Any CPU.ActiveCfg = Debug|Any CPU
		{3BEB43D3-0A8A-460A-BC13-1E1ABCDBE270}.Debug|Any CPU.Build.0 = Debug|Any CPU
		{3BEB43D3-0A8A-460A-BC13-1E1ABCDBE270}.Release|Any CPU.ActiveCfg = Release|Any CPU
		{3BEB43D3-0A8A-460A-BC13-1E1ABCDBE270}.Release|Any CPU.Build.0 = Release|Any CPU
		{92CEB530-B95C-420F-ADC4-B69C850FFC1A}.Debug|Any CPU.ActiveCfg = Debug|Any CPU
		{92CEB530-B95C-420F-ADC4-B69C850FFC1A}.Debug|Any CPU.Build.0 = Debug|Any CPU
		{92CEB530-B95C-420F-ADC4-B69C850FFC1A}.Release|Any CPU.ActiveCfg = Release|Any CPU
		{92CEB530-B95C-420F-ADC4-B69C850FFC1A}.Release|Any CPU.Build.0 = Release|Any CPU
		{78CCD68A-BD38-4B5B-AFB4-30A6E5389488}.Debug|Any CPU.ActiveCfg = Debug|Any CPU
		{78CCD68A-BD38-4B5B-AFB4-30A6E5389488}.Debug|Any CPU.Build.0 = Debug|Any CPU
		{78CCD68A-BD38-4B5B-AFB4-30A6E5389488}.Release|Any CPU.ActiveCfg = Release|Any CPU
		{78CCD68A-BD38-4B5B-AFB4-30A6E5389488}.Release|Any CPU.Build.0 = Release|Any CPU
	EndGlobalSection
	GlobalSection(SolutionProperties) = preSolution
		HideSolutionNode = FALSE
	EndGlobalSection
	GlobalSection(NestedProjects) = preSolution
		{AFB8121D-1C15-4EF3-83F1-A6EA53920C9D} = {4A475384-F8EF-4ADC-82EE-8C5BA2267207}
		{03DFAC6E-7A75-4AB9-9163-BDF0A9548D6B} = {4A475384-F8EF-4ADC-82EE-8C5BA2267207}
		{6C2FD191-5644-4E82-8400-42668BDB3526} = {4A475384-F8EF-4ADC-82EE-8C5BA2267207}
		{12899517-B8B6-4E51-9C46-02F42251E2D5} = {13C4332F-4B21-442F-9C8C-9C6957D26578}
		{957E9B0D-C468-40F0-A2EE-22150F575DD9} = {13C4332F-4B21-442F-9C8C-9C6957D26578}
		{8C9AD09D-F98D-4BA8-A26E-9FC2D31AFD9A} = {13C4332F-4B21-442F-9C8C-9C6957D26578}
		{0E73F77C-FB6F-4250-9748-531C9E24F6FE} = {37F6767C-CEFB-45FC-B68A-BE781FF5721A}
		{6C4D2A8F-4174-4570-805F-9391AE574975} = {37F6767C-CEFB-45FC-B68A-BE781FF5721A}
		{238C0465-F592-4846-874E-AB07C423F8BA} = {37F6767C-CEFB-45FC-B68A-BE781FF5721A}
		{8596EBFA-6807-4CC4-ADC8-46FC05A6DEF7} = {F79D2360-71F8-42EC-A1D6-01CC3CC319A9}
		{11F1CB59-9333-41EA-A122-B8CB26DCA9E5} = {F79D2360-71F8-42EC-A1D6-01CC3CC319A9}
		{3A897A2B-B896-4417-A8ED-7F9F0BA4D9C6} = {F79D2360-71F8-42EC-A1D6-01CC3CC319A9}
		{699BF6A3-D06F-49C1-8715-11D0E7B94866} = {E550F0A2-C5BC-4C91-A7EB-4B5EF3B0C54B}
		{9586C979-CD89-435E-86A6-334849219A7D} = {E550F0A2-C5BC-4C91-A7EB-4B5EF3B0C54B}
		{7DD83E5C-1440-4F6A-89FC-38195D6FD938} = {E550F0A2-C5BC-4C91-A7EB-4B5EF3B0C54B}
		{1360AF83-F968-4A33-AA44-9FAE106E532F} = {3615787E-BD66-47B8-B410-180D8E5B5F74}
		{20C5AC41-5232-4BD6-AD4B-7938DC6B666D} = {3615787E-BD66-47B8-B410-180D8E5B5F74}
		{956F65CC-B2C9-4812-AD58-38E1579C5536} = {3615787E-BD66-47B8-B410-180D8E5B5F74}
		{86EDC8DE-3625-4217-88B0-3E47957FF21E} = {57148187-E99B-4DAF-9AD2-78E527DF79FF}
		{69095B20-F319-4632-929C-4A3D283EC1B4} = {57148187-E99B-4DAF-9AD2-78E527DF79FF}
		{45AE014B-5E3B-4D96-9FA5-72D2BF377397} = {57148187-E99B-4DAF-9AD2-78E527DF79FF}
		{3BEB43D3-0A8A-460A-BC13-1E1ABCDBE270} = {57BD7E5A-80F7-4D1D-8C50-4C952A1752D5}
		{92CEB530-B95C-420F-ADC4-B69C850FFC1A} = {57BD7E5A-80F7-4D1D-8C50-4C952A1752D5}
		{78CCD68A-BD38-4B5B-AFB4-30A6E5389488} = {57BD7E5A-80F7-4D1D-8C50-4C952A1752D5}
	EndGlobalSection
	GlobalSection(ExtensibilityGlobals) = postSolution
		SolutionGuid = {526B76FD-CEA1-4676-AF07-6017425A9C92}
	EndGlobalSection
EndGlobal
